
Microsoft Visual Studio Solution File, Format Version 12.00
# Visual Studio Version 17
VisualStudioVersion = 17.8.34408.163
MinimumVisualStudioVersion = 10.0.40219.1
Project("{9A19103F-16F7-4668-BE54-9A1E7A4F7556}") = "WebApp", "WebApp\WebApp.csproj", "{98EF13D9-3A7A-44ED-BF69-FF53518B834E}"
EndProject
Project("{9A19103F-16F7-4668-BE54-9A1E7A4F7556}") = "Base.Domain", "Base.Domain\Base.Domain.csproj", "{24EAF742-3FCF-4705-B625-4068ED537CD4}"
EndProject
Project("{9A19103F-16F7-4668-BE54-9A1E7A4F7556}") = "Base.Domain.Contracts", "Base.Contracts.Domain\Base.Domain.Contracts.csproj", "{C95A6523-6C93-4F72-8CF5-6D300B8D348B}"
EndProject
Project("{9A19103F-16F7-4668-BE54-9A1E7A4F7556}") = "App.Domain", "App.Domain\App.Domain.csproj", "{6A993E4A-F6D0-42EB-A376-CD42994BF6A8}"
EndProject
Project("{9A19103F-16F7-4668-BE54-9A1E7A4F7556}") = "Base.Helpers", "Base.Helpers\Base.Helpers.csproj", "{E292BA8A-FF05-4C39-8512-6C90551827E4}"
EndProject
Project("{9A19103F-16F7-4668-BE54-9A1E7A4F7556}") = "Base.DAL", "Base.DAL\Base.DAL.csproj", "{9EC1244E-3EC5-4969-AE60-4F06DB2C557E}"
EndProject
Project("{9A19103F-16F7-4668-BE54-9A1E7A4F7556}") = "Base.Base.Contracts", "Base.Contracts.Base\Base.Base.Contracts.csproj", "{146F279D-9C69-4922-AE5D-C1B25FB4AA99}"
EndProject
Project("{9A19103F-16F7-4668-BE54-9A1E7A4F7556}") = "Base.DAL.EF", "Base.DAL.EF\Base.DAL.EF.csproj", "{631CEC6A-4EBE-4088-8049-90E5FBE6A29F}"
EndProject
Project("{9A19103F-16F7-4668-BE54-9A1E7A4F7556}") = "Base.DAL.Contracts", "Base.Contracts.DAL\Base.DAL.Contracts.csproj", "{A46C88C5-CD03-43AF-ABA2-B550ABB34464}"
EndProject
Project("{9A19103F-16F7-4668-BE54-9A1E7A4F7556}") = "App.DAL.EF", "App.DAL.EF\App.DAL.EF.csproj", "{BA1E4FCF-D763-4E51-A3C7-45C75BFF19BC}"
EndProject
Project("{9A19103F-16F7-4668-BE54-9A1E7A4F7556}") = "Base.BLL.Contracts", "Base.Contracts.BLL\Base.BLL.Contracts.csproj", "{28B6F69D-D99D-495B-BD8C-A91E82F4FF86}"
EndProject
Project("{9A19103F-16F7-4668-BE54-9A1E7A4F7556}") = "Base.BLL", "Base.BLL\Base.BLL.csproj", "{4553C20A-578A-4EE0-BD21-DEE11828B367}"
EndProject
Project("{9A19103F-16F7-4668-BE54-9A1E7A4F7556}") = "App.DAL.Contracts", "App.DAL.Contracts\App.DAL.Contracts.csproj", "{37643D1F-D663-4333-8FB2-D480E16C563F}"
EndProject
Project("{9A19103F-16F7-4668-BE54-9A1E7A4F7556}") = "App.DAL.DTO", "App.DAL.DTO\App.DAL.DTO.csproj", "{0B11C936-4D28-4834-AA3A-0024CE7AD768}"
EndProject
Project("{9A19103F-16F7-4668-BE54-9A1E7A4F7556}") = "App.BLL.Contracts", "App.BLL.Contracts\App.BLL.Contracts.csproj", "{5781311A-019D-4C33-9C76-D20721E78026}"
EndProject
Project("{9A19103F-16F7-4668-BE54-9A1E7A4F7556}") = "App.BLL.DTO", "App.BLL.DTO\App.BLL.DTO.csproj", "{02B9CB1A-9BCD-45CB-8153-2A904F53E531}"
EndProject
Project("{9A19103F-16F7-4668-BE54-9A1E7A4F7556}") = "App.BLL", "App.BLL\App.BLL.csproj", "{503138C7-37D1-4E3C-AEDB-5E450F88E98F}"
EndProject
Project("{9A19103F-16F7-4668-BE54-9A1E7A4F7556}") = "App.Public.DTO", "App.Public.DTO\App.Public.DTO.csproj", "{973D0404-7C83-40B9-A0A0-571E66521624}"
EndProject
Project("{2150E333-8FDC-42A3-9474-1A3956D46DE8}") = "App", "App", "{463A8BCF-9B06-4C38-A546-047858526F95}"
EndProject
Project("{2150E333-8FDC-42A3-9474-1A3956D46DE8}") = "Base", "Base", "{510695E1-5A39-448D-A63C-027892340B88}"
EndProject
Project("{2150E333-8FDC-42A3-9474-1A3956D46DE8}") = "Base.Contracts", "Base.Contracts", "{B1C328CA-537A-4702-8B7C-0FF771515AAC}"
EndProject
Project("{2150E333-8FDC-42A3-9474-1A3956D46DE8}") = "Solution Items", "Solution Items", "{966ADEFB-0535-4AA8-A11B-2EEAE059DDAB}"
	ProjectSection(SolutionItems) = preProject
		.gitignore = .gitignore
		Directory.Build.props = Directory.Build.props
		README.md = README.md
	EndProjectSection
EndProject
Project("{2150E333-8FDC-42A3-9474-1A3956D46DE8}") = "Tests", "Tests", "{3B29DC32-FD21-4CF1-B289-AB2D2A90E7AE}"
EndProject
Project("{FAE04EC0-301F-11D3-BF4B-00C04F79EFBC}") = "Tests.WebApp", "Tests.WebApp\Tests.WebApp.csproj", "{F8E4F57B-B1D5-4F71-B016-7FFFEB1CF891}"
EndProject
Global
	GlobalSection(SolutionConfigurationPlatforms) = preSolution
		Debug|Any CPU = Debug|Any CPU
		Release|Any CPU = Release|Any CPU
	EndGlobalSection
	GlobalSection(ProjectConfigurationPlatforms) = postSolution
		{98EF13D9-3A7A-44ED-BF69-FF53518B834E}.Debug|Any CPU.ActiveCfg = Debug|Any CPU
		{98EF13D9-3A7A-44ED-BF69-FF53518B834E}.Debug|Any CPU.Build.0 = Debug|Any CPU
		{98EF13D9-3A7A-44ED-BF69-FF53518B834E}.Release|Any CPU.ActiveCfg = Release|Any CPU
		{98EF13D9-3A7A-44ED-BF69-FF53518B834E}.Release|Any CPU.Build.0 = Release|Any CPU
		{24EAF742-3FCF-4705-B625-4068ED537CD4}.Debug|Any CPU.ActiveCfg = Debug|Any CPU
		{24EAF742-3FCF-4705-B625-4068ED537CD4}.Debug|Any CPU.Build.0 = Debug|Any CPU
		{24EAF742-3FCF-4705-B625-4068ED537CD4}.Release|Any CPU.ActiveCfg = Release|Any CPU
		{24EAF742-3FCF-4705-B625-4068ED537CD4}.Release|Any CPU.Build.0 = Release|Any CPU
		{C95A6523-6C93-4F72-8CF5-6D300B8D348B}.Debug|Any CPU.ActiveCfg = Debug|Any CPU
		{C95A6523-6C93-4F72-8CF5-6D300B8D348B}.Debug|Any CPU.Build.0 = Debug|Any CPU
		{C95A6523-6C93-4F72-8CF5-6D300B8D348B}.Release|Any CPU.ActiveCfg = Release|Any CPU
		{C95A6523-6C93-4F72-8CF5-6D300B8D348B}.Release|Any CPU.Build.0 = Release|Any CPU
		{6A993E4A-F6D0-42EB-A376-CD42994BF6A8}.Debug|Any CPU.ActiveCfg = Debug|Any CPU
		{6A993E4A-F6D0-42EB-A376-CD42994BF6A8}.Debug|Any CPU.Build.0 = Debug|Any CPU
		{6A993E4A-F6D0-42EB-A376-CD42994BF6A8}.Release|Any CPU.ActiveCfg = Release|Any CPU
		{6A993E4A-F6D0-42EB-A376-CD42994BF6A8}.Release|Any CPU.Build.0 = Release|Any CPU
		{E292BA8A-FF05-4C39-8512-6C90551827E4}.Debug|Any CPU.ActiveCfg = Debug|Any CPU
		{E292BA8A-FF05-4C39-8512-6C90551827E4}.Debug|Any CPU.Build.0 = Debug|Any CPU
		{E292BA8A-FF05-4C39-8512-6C90551827E4}.Release|Any CPU.ActiveCfg = Release|Any CPU
		{E292BA8A-FF05-4C39-8512-6C90551827E4}.Release|Any CPU.Build.0 = Release|Any CPU
		{9EC1244E-3EC5-4969-AE60-4F06DB2C557E}.Debug|Any CPU.ActiveCfg = Debug|Any CPU
		{9EC1244E-3EC5-4969-AE60-4F06DB2C557E}.Debug|Any CPU.Build.0 = Debug|Any CPU
		{9EC1244E-3EC5-4969-AE60-4F06DB2C557E}.Release|Any CPU.ActiveCfg = Release|Any CPU
		{9EC1244E-3EC5-4969-AE60-4F06DB2C557E}.Release|Any CPU.Build.0 = Release|Any CPU
		{146F279D-9C69-4922-AE5D-C1B25FB4AA99}.Debug|Any CPU.ActiveCfg = Debug|Any CPU
		{146F279D-9C69-4922-AE5D-C1B25FB4AA99}.Debug|Any CPU.Build.0 = Debug|Any CPU
		{146F279D-9C69-4922-AE5D-C1B25FB4AA99}.Release|Any CPU.ActiveCfg = Release|Any CPU
		{146F279D-9C69-4922-AE5D-C1B25FB4AA99}.Release|Any CPU.Build.0 = Release|Any CPU
		{631CEC6A-4EBE-4088-8049-90E5FBE6A29F}.Debug|Any CPU.ActiveCfg = Debug|Any CPU
		{631CEC6A-4EBE-4088-8049-90E5FBE6A29F}.Debug|Any CPU.Build.0 = Debug|Any CPU
		{631CEC6A-4EBE-4088-8049-90E5FBE6A29F}.Release|Any CPU.ActiveCfg = Release|Any CPU
		{631CEC6A-4EBE-4088-8049-90E5FBE6A29F}.Release|Any CPU.Build.0 = Release|Any CPU
		{A46C88C5-CD03-43AF-ABA2-B550ABB34464}.Debug|Any CPU.ActiveCfg = Debug|Any CPU
		{A46C88C5-CD03-43AF-ABA2-B550ABB34464}.Debug|Any CPU.Build.0 = Debug|Any CPU
		{A46C88C5-CD03-43AF-ABA2-B550ABB34464}.Release|Any CPU.ActiveCfg = Release|Any CPU
		{A46C88C5-CD03-43AF-ABA2-B550ABB34464}.Release|Any CPU.Build.0 = Release|Any CPU
		{BA1E4FCF-D763-4E51-A3C7-45C75BFF19BC}.Debug|Any CPU.ActiveCfg = Debug|Any CPU
		{BA1E4FCF-D763-4E51-A3C7-45C75BFF19BC}.Debug|Any CPU.Build.0 = Debug|Any CPU
		{BA1E4FCF-D763-4E51-A3C7-45C75BFF19BC}.Release|Any CPU.ActiveCfg = Release|Any CPU
		{BA1E4FCF-D763-4E51-A3C7-45C75BFF19BC}.Release|Any CPU.Build.0 = Release|Any CPU
		{28B6F69D-D99D-495B-BD8C-A91E82F4FF86}.Debug|Any CPU.ActiveCfg = Debug|Any CPU
		{28B6F69D-D99D-495B-BD8C-A91E82F4FF86}.Debug|Any CPU.Build.0 = Debug|Any CPU
		{28B6F69D-D99D-495B-BD8C-A91E82F4FF86}.Release|Any CPU.ActiveCfg = Release|Any CPU
		{28B6F69D-D99D-495B-BD8C-A91E82F4FF86}.Release|Any CPU.Build.0 = Release|Any CPU
		{4553C20A-578A-4EE0-BD21-DEE11828B367}.Debug|Any CPU.ActiveCfg = Debug|Any CPU
		{4553C20A-578A-4EE0-BD21-DEE11828B367}.Debug|Any CPU.Build.0 = Debug|Any CPU
		{4553C20A-578A-4EE0-BD21-DEE11828B367}.Release|Any CPU.ActiveCfg = Release|Any CPU
		{4553C20A-578A-4EE0-BD21-DEE11828B367}.Release|Any CPU.Build.0 = Release|Any CPU
		{37643D1F-D663-4333-8FB2-D480E16C563F}.Debug|Any CPU.ActiveCfg = Debug|Any CPU
		{37643D1F-D663-4333-8FB2-D480E16C563F}.Debug|Any CPU.Build.0 = Debug|Any CPU
		{37643D1F-D663-4333-8FB2-D480E16C563F}.Release|Any CPU.ActiveCfg = Release|Any CPU
		{37643D1F-D663-4333-8FB2-D480E16C563F}.Release|Any CPU.Build.0 = Release|Any CPU
		{0B11C936-4D28-4834-AA3A-0024CE7AD768}.Debug|Any CPU.ActiveCfg = Debug|Any CPU
		{0B11C936-4D28-4834-AA3A-0024CE7AD768}.Debug|Any CPU.Build.0 = Debug|Any CPU
		{0B11C936-4D28-4834-AA3A-0024CE7AD768}.Release|Any CPU.ActiveCfg = Release|Any CPU
		{0B11C936-4D28-4834-AA3A-0024CE7AD768}.Release|Any CPU.Build.0 = Release|Any CPU
		{5781311A-019D-4C33-9C76-D20721E78026}.Debug|Any CPU.ActiveCfg = Debug|Any CPU
		{5781311A-019D-4C33-9C76-D20721E78026}.Debug|Any CPU.Build.0 = Debug|Any CPU
		{5781311A-019D-4C33-9C76-D20721E78026}.Release|Any CPU.ActiveCfg = Release|Any CPU
		{5781311A-019D-4C33-9C76-D20721E78026}.Release|Any CPU.Build.0 = Release|Any CPU
		{02B9CB1A-9BCD-45CB-8153-2A904F53E531}.Debug|Any CPU.ActiveCfg = Debug|Any CPU
		{02B9CB1A-9BCD-45CB-8153-2A904F53E531}.Debug|Any CPU.Build.0 = Debug|Any CPU
		{02B9CB1A-9BCD-45CB-8153-2A904F53E531}.Release|Any CPU.ActiveCfg = Release|Any CPU
		{02B9CB1A-9BCD-45CB-8153-2A904F53E531}.Release|Any CPU.Build.0 = Release|Any CPU
		{503138C7-37D1-4E3C-AEDB-5E450F88E98F}.Debug|Any CPU.ActiveCfg = Debug|Any CPU
		{503138C7-37D1-4E3C-AEDB-5E450F88E98F}.Debug|Any CPU.Build.0 = Debug|Any CPU
		{503138C7-37D1-4E3C-AEDB-5E450F88E98F}.Release|Any CPU.ActiveCfg = Release|Any CPU
		{503138C7-37D1-4E3C-AEDB-5E450F88E98F}.Release|Any CPU.Build.0 = Release|Any CPU
		{973D0404-7C83-40B9-A0A0-571E66521624}.Debug|Any CPU.ActiveCfg = Debug|Any CPU
		{973D0404-7C83-40B9-A0A0-571E66521624}.Debug|Any CPU.Build.0 = Debug|Any CPU
		{973D0404-7C83-40B9-A0A0-571E66521624}.Release|Any CPU.ActiveCfg = Release|Any CPU
		{973D0404-7C83-40B9-A0A0-571E66521624}.Release|Any CPU.Build.0 = Release|Any CPU
		{F8E4F57B-B1D5-4F71-B016-7FFFEB1CF891}.Debug|Any CPU.ActiveCfg = Debug|Any CPU
		{F8E4F57B-B1D5-4F71-B016-7FFFEB1CF891}.Debug|Any CPU.Build.0 = Debug|Any CPU
		{F8E4F57B-B1D5-4F71-B016-7FFFEB1CF891}.Release|Any CPU.ActiveCfg = Release|Any CPU
		{F8E4F57B-B1D5-4F71-B016-7FFFEB1CF891}.Release|Any CPU.Build.0 = Release|Any CPU
	EndGlobalSection
	GlobalSection(SolutionProperties) = preSolution
		HideSolutionNode = FALSE
	EndGlobalSection
	GlobalSection(NestedProjects) = preSolution
		{98EF13D9-3A7A-44ED-BF69-FF53518B834E} = {463A8BCF-9B06-4C38-A546-047858526F95}
		{24EAF742-3FCF-4705-B625-4068ED537CD4} = {510695E1-5A39-448D-A63C-027892340B88}
		{C95A6523-6C93-4F72-8CF5-6D300B8D348B} = {B1C328CA-537A-4702-8B7C-0FF771515AAC}
		{6A993E4A-F6D0-42EB-A376-CD42994BF6A8} = {463A8BCF-9B06-4C38-A546-047858526F95}
		{E292BA8A-FF05-4C39-8512-6C90551827E4} = {510695E1-5A39-448D-A63C-027892340B88}
		{9EC1244E-3EC5-4969-AE60-4F06DB2C557E} = {510695E1-5A39-448D-A63C-027892340B88}
		{146F279D-9C69-4922-AE5D-C1B25FB4AA99} = {B1C328CA-537A-4702-8B7C-0FF771515AAC}
		{631CEC6A-4EBE-4088-8049-90E5FBE6A29F} = {510695E1-5A39-448D-A63C-027892340B88}
		{A46C88C5-CD03-43AF-ABA2-B550ABB34464} = {B1C328CA-537A-4702-8B7C-0FF771515AAC}
		{BA1E4FCF-D763-4E51-A3C7-45C75BFF19BC} = {463A8BCF-9B06-4C38-A546-047858526F95}
		{28B6F69D-D99D-495B-BD8C-A91E82F4FF86} = {B1C328CA-537A-4702-8B7C-0FF771515AAC}
		{4553C20A-578A-4EE0-BD21-DEE11828B367} = {510695E1-5A39-448D-A63C-027892340B88}
		{37643D1F-D663-4333-8FB2-D480E16C563F} = {463A8BCF-9B06-4C38-A546-047858526F95}
		{0B11C936-4D28-4834-AA3A-0024CE7AD768} = {463A8BCF-9B06-4C38-A546-047858526F95}
		{5781311A-019D-4C33-9C76-D20721E78026} = {463A8BCF-9B06-4C38-A546-047858526F95}
		{02B9CB1A-9BCD-45CB-8153-2A904F53E531} = {463A8BCF-9B06-4C38-A546-047858526F95}
		{503138C7-37D1-4E3C-AEDB-5E450F88E98F} = {463A8BCF-9B06-4C38-A546-047858526F95}
		{973D0404-7C83-40B9-A0A0-571E66521624} = {463A8BCF-9B06-4C38-A546-047858526F95}
		{F8E4F57B-B1D5-4F71-B016-7FFFEB1CF891} = {3B29DC32-FD21-4CF1-B289-AB2D2A90E7AE}
	EndGlobalSection
	GlobalSection(ExtensibilityGlobals) = postSolution
		SolutionGuid = {7ABF7947-3A73-4BA1-98F8-0B76DF5318F8}
	EndGlobalSection
EndGlobal
